
Microsoft Visual Studio Solution File, Format Version 12.00
# Visual Studio Version 16
VisualStudioVersion = 16.0.31624.102
MinimumVisualStudioVersion = 10.0.40219.1
Project("{FAE04EC0-301F-11D3-BF4B-00C04F79EFBC}") = "Homework_Theme5_task1.1", "Homework_Theme5_task1.1\Homework_Theme5_task1.1.csproj", "{66DA2465-9063-4769-978E-EB0F700AECAF}"
EndProject
Global
	GlobalSection(SolutionConfigurationPlatforms) = preSolution
		Debug|Any CPU = Debug|Any CPU
		Release|Any CPU = Release|Any CPU
	EndGlobalSection
	GlobalSection(ProjectConfigurationPlatforms) = postSolution
		{66DA2465-9063-4769-978E-EB0F700AECAF}.Debug|Any CPU.ActiveCfg = Debug|Any CPU
		{66DA2465-9063-4769-978E-EB0F700AECAF}.Debug|Any CPU.Build.0 = Debug|Any CPU
		{66DA2465-9063-4769-978E-EB0F700AECAF}.Release|Any CPU.ActiveCfg = Release|Any CPU
		{66DA2465-9063-4769-978E-EB0F700AECAF}.Release|Any CPU.Build.0 = Release|Any CPU
	EndGlobalSection
	GlobalSection(SolutionProperties) = preSolution
		HideSolutionNode = FALSE
	EndGlobalSection
	GlobalSection(ExtensibilityGlobals) = postSolution
		SolutionGuid = {D10D251A-E5BE-4A5E-872A-B36A54DA94A0}
	EndGlobalSection
EndGlobal
